
Microsoft Visual Studio Solution File, Format Version 12.00
# Visual Studio 15
VisualStudioVersion = 15.0.27703.2047
MinimumVisualStudioVersion = 10.0.40219.1
Project("{FAE04EC0-301F-11D3-BF4B-00C04F79EFBC}") = "OrderEntrySystem Menadue", "OrderEntrySystem\OrderEntrySystem Menadue.csproj", "{B2515764-7CC0-41BA-AEBF-0D6444D80DE2}"
EndProject
Project("{FAE04EC0-301F-11D3-BF4B-00C04F79EFBC}") = "OrderEntryEngine", "OrderEntryEngine\OrderEntryEngine.csproj", "{B73CFCDA-E36F-4539-9DDA-9747306D6BF1}"
EndProject
Global
	GlobalSection(SolutionConfigurationPlatforms) = preSolution
		Debug|Any CPU = Debug|Any CPU
		Release|Any CPU = Release|Any CPU
	EndGlobalSection
	GlobalSection(ProjectConfigurationPlatforms) = postSolution
		{B2515764-7CC0-41BA-AEBF-0D6444D80DE2}.Debug|Any CPU.ActiveCfg = Debug|Any CPU
		{B2515764-7CC0-41BA-AEBF-0D6444D80DE2}.Debug|Any CPU.Build.0 = Debug|Any CPU
		{B2515764-7CC0-41BA-AEBF-0D6444D80DE2}.Release|Any CPU.ActiveCfg = Release|Any CPU
		{B2515764-7CC0-41BA-AEBF-0D6444D80DE2}.Release|Any CPU.Build.0 = Release|Any CPU
		{B73CFCDA-E36F-4539-9DDA-9747306D6BF1}.Debug|Any CPU.ActiveCfg = Debug|Any CPU
		{B73CFCDA-E36F-4539-9DDA-9747306D6BF1}.Debug|Any CPU.Build.0 = Debug|Any CPU
		{B73CFCDA-E36F-4539-9DDA-9747306D6BF1}.Release|Any CPU.ActiveCfg = Release|Any CPU
		{B73CFCDA-E36F-4539-9DDA-9747306D6BF1}.Release|Any CPU.Build.0 = Release|Any CPU
	EndGlobalSection
	GlobalSection(SolutionProperties) = preSolution
		HideSolutionNode = FALSE
	EndGlobalSection
	GlobalSection(ExtensibilityGlobals) = postSolution
		SolutionGuid = {8CB4AE86-705D-40CE-8DEC-B1A1BDBF38D6}
	EndGlobalSection
EndGlobal
